{
  "version": 4,
  "terraform_version": "1.9.2",
  "serial": 235,
  "lineage": "753720c6-3324-2b37-a3cb-c098faab7adc",
  "outputs": {
    "ec2_instance_public_ip": {
      "value": "3.122.204.201",
      "type": "string"
    },
    "load_balancer_dns_name": {
      "value": "nextcloud-lb-1942654877.eu-central-1.elb.amazonaws.com",
      "type": "string"
    },
    "nextcloud_url": {
      "value": "https://cloud.flumorstasis.hu",
      "type": "string"
    },
    "private_subnet_ids": {
      "value": [
        "subnet-047f6bcb1ea2af870",
        "subnet-0d6a29015543bf01d"
      ],
      "type": [
        "tuple",
        [
          "string",
          "string"
        ]
      ]
    },
    "public_subnet_ids": {
      "value": [
        "subnet-0e294009b3dc9449d",
        "subnet-002de18d7a27607d4"
      ],
      "type": [
        "tuple",
        [
          "string",
          "string"
        ]
      ]
    },
    "vpc_id": {
      "value": "vpc-0c170787fb755850d",
      "type": "string"
    }
  },
  "resources": [
    {
      "mode": "data",
      "type": "aws_availability_zones",
      "name": "available",
      "provider": "provider[\"registry.terraform.io/hashicorp/aws\"]",
      "instances": [
        {
          "schema_version": 0,
          "attributes": {
            "all_availability_zones": null,
            "exclude_names": null,
            "exclude_zone_ids": null,
            "filter": null,
            "group_names": [
              "eu-central-1"
            ],
            "id": "eu-central-1",
            "names": [
              "eu-central-1a",
              "eu-central-1b",
              "eu-central-1c"
            ],
            "state": "available",
            "timeouts": null,
            "zone_ids": [
              "euc1-az2",
              "euc1-az3",
              "euc1-az1"
            ]
          },
          "sensitive_attributes": []
        }
      ]
    },
    {
      "mode": "managed",
      "type": "aws_acm_certificate",
      "name": "nextcloud_cert",
      "provider": "provider[\"registry.terraform.io/hashicorp/aws\"]",
      "instances": [
        {
          "schema_version": 0,
          "attributes": {
            "arn": "arn:aws:acm:eu-central-1:058264482172:certificate/7f8e9f43-7f3f-40b8-879d-31862886dd53",
            "certificate_authority_arn": "",
            "certificate_body": null,
            "certificate_chain": null,
            "domain_name": "cloud.flumorstasis.hu",
            "domain_validation_options": [
              {
                "domain_name": "cloud.flumorstasis.hu",
                "resource_record_name": "_6f6035b04492ea669dd8c1fa0f000fac.cloud.flumorstasis.hu.",
                "resource_record_type": "CNAME",
                "resource_record_value": "_17833f908f927070b9c58d2d0df2acce.djqtsrsxkq.acm-validations.aws."
              }
            ],
            "early_renewal_duration": "",
            "id": "arn:aws:acm:eu-central-1:058264482172:certificate/7f8e9f43-7f3f-40b8-879d-31862886dd53",
            "key_algorithm": "RSA_2048",
            "not_after": "",
            "not_before": "",
            "options": [
              {
                "certificate_transparency_logging_preference": "ENABLED"
              }
            ],
            "pending_renewal": false,
            "private_key": null,
            "renewal_eligibility": "INELIGIBLE",
            "renewal_summary": [],
            "status": "PENDING_VALIDATION",
            "subject_alternative_names": [
              "cloud.flumorstasis.hu"
            ],
            "tags": {
              "Name": "NextcloudCertificate"
            },
            "tags_all": {
              "Name": "NextcloudCertificate"
            },
            "type": "AMAZON_ISSUED",
            "validation_emails": [],
            "validation_method": "DNS",
            "validation_option": []
          },
          "sensitive_attributes": [
            [
              {
                "type": "get_attr",
                "value": "private_key"
              }
            ]
          ],
          "private": "bnVsbA==",
          "create_before_destroy": true
        }
      ]
    },
    {
      "mode": "managed",
      "type": "aws_acm_certificate_validation",
      "name": "cert_validation",
      "provider": "provider[\"registry.terraform.io/hashicorp/aws\"]",
      "instances": [
        {
          "schema_version": 0,
          "attributes": {
            "certificate_arn": "arn:aws:acm:eu-central-1:058264482172:certificate/7f8e9f43-7f3f-40b8-879d-31862886dd53",
            "id": "2024-08-15 12:13:20.989 +0000 UTC",
            "timeouts": null,
            "validation_record_fqdns": [
              "_6f6035b04492ea669dd8c1fa0f000fac.cloud.flumorstasis.hu"
            ]
          },
          "sensitive_attributes": [],
          "private": "eyJlMmJmYjczMC1lY2FhLTExZTYtOGY4OC0zNDM2M2JjN2M0YzAiOnsiY3JlYXRlIjo0NTAwMDAwMDAwMDAwfX0=",
          "dependencies": [
            "aws_acm_certificate.nextcloud_cert",
            "aws_route53_record.cert_validation"
          ]
        }
      ]
    },
    {
      "mode": "managed",
      "type": "aws_db_instance",
      "name": "nextcloud_db",
      "provider": "provider[\"registry.terraform.io/hashicorp/aws\"]",
      "instances": [
        {
          "schema_version": 2,
          "attributes": {
            "address": "nextcloud-db-2am8t5n7.cpi2488sgqni.eu-central-1.rds.amazonaws.com",
            "allocated_storage": 20,
            "allow_major_version_upgrade": null,
            "apply_immediately": false,
            "arn": "arn:aws:rds:eu-central-1:058264482172:db:nextcloud-db-2am8t5n7",
            "auto_minor_version_upgrade": true,
            "availability_zone": "eu-central-1a",
            "backup_retention_period": 0,
            "backup_target": "region",
            "backup_window": "23:19-23:49",
            "blue_green_update": [],
            "ca_cert_identifier": "rds-ca-rsa2048-g1",
            "character_set_name": "",
            "copy_tags_to_snapshot": false,
            "custom_iam_instance_profile": "",
            "customer_owned_ip_enabled": false,
            "db_name": "nextcloud",
            "db_subnet_group_name": "nextcloud-db-subnet-group",
            "dedicated_log_volume": false,
            "delete_automated_backups": true,
            "deletion_protection": false,
            "domain": "",
            "domain_auth_secret_arn": "",
            "domain_dns_ips": null,
            "domain_fqdn": "",
            "domain_iam_role_name": "",
            "domain_ou": "",
            "enabled_cloudwatch_logs_exports": null,
            "endpoint": "nextcloud-db-2am8t5n7.cpi2488sgqni.eu-central-1.rds.amazonaws.com:3306",
            "engine": "mysql",
            "engine_lifecycle_support": "open-source-rds-extended-support",
            "engine_version": "8.0",
            "engine_version_actual": "8.0.35",
            "final_snapshot_identifier": null,
            "hosted_zone_id": "Z1RLNUO7B9Q6NB",
            "iam_database_authentication_enabled": false,
            "id": "db-W2US55IU343HJBTOLUAJXHGPYQ",
            "identifier": "nextcloud-db-2am8t5n7",
            "identifier_prefix": "",
            "instance_class": "db.t3.micro",
            "iops": 0,
            "kms_key_id": "",
            "latest_restorable_time": "",
            "license_model": "general-public-license",
            "listener_endpoint": [],
            "maintenance_window": "wed:21:04-wed:21:34",
            "manage_master_user_password": null,
            "master_user_secret": [],
            "master_user_secret_kms_key_id": null,
            "max_allocated_storage": 0,
            "monitoring_interval": 0,
            "monitoring_role_arn": "",
            "multi_az": false,
            "nchar_character_set_name": "",
            "network_type": "IPV4",
            "option_group_name": "default:mysql-8-0",
            "parameter_group_name": "default.mysql8.0",
            "password": "peropero",
            "performance_insights_enabled": false,
            "performance_insights_kms_key_id": "",
            "performance_insights_retention_period": 0,
            "port": 3306,
            "publicly_accessible": false,
            "replica_mode": "",
            "replicas": [],
            "replicate_source_db": "",
            "resource_id": "db-W2US55IU343HJBTOLUAJXHGPYQ",
            "restore_to_point_in_time": [],
            "s3_import": [],
            "skip_final_snapshot": true,
            "snapshot_identifier": null,
            "status": "available",
            "storage_encrypted": false,
            "storage_throughput": 0,
            "storage_type": "gp2",
            "tags": null,
            "tags_all": {},
            "timeouts": null,
            "timezone": "",
            "upgrade_storage_config": null,
            "username": "admin",
            "vpc_security_group_ids": [
              "sg-020137535bed1cecb"
            ]
          },
          "sensitive_attributes": [
            [
              {
                "type": "get_attr",
                "value": "password"
              }
            ]
          ],
          "private": "eyJlMmJmYjczMC1lY2FhLTExZTYtOGY4OC0zNDM2M2JjN2M0YzAiOnsiY3JlYXRlIjoyNDAwMDAwMDAwMDAwLCJkZWxldGUiOjM2MDAwMDAwMDAwMDAsInVwZGF0ZSI6NDgwMDAwMDAwMDAwMH0sInNjaGVtYV92ZXJzaW9uIjoiMiJ9",
          "dependencies": [
            "aws_db_subnet_group.nextcloud",
            "aws_security_group.nextcloud",
            "aws_security_group.nextcloud_db",
            "aws_security_group.nextcloud_lb",
            "aws_subnet.private",
            "aws_vpc.nextcloud_vpc",
            "data.aws_availability_zones.available",
            "random_string.suffix"
          ]
        }
      ]
    },
    {
      "mode": "managed",
      "type": "aws_db_subnet_group",
      "name": "nextcloud",
      "provider": "provider[\"registry.terraform.io/hashicorp/aws\"]",
      "instances": [
        {
          "schema_version": 0,
          "attributes": {
            "arn": "arn:aws:rds:eu-central-1:058264482172:subgrp:nextcloud-db-subnet-group",
            "description": "Managed by Terraform",
            "id": "nextcloud-db-subnet-group",
            "name": "nextcloud-db-subnet-group",
            "name_prefix": "",
            "subnet_ids": [
              "subnet-047f6bcb1ea2af870",
              "subnet-0d6a29015543bf01d"
            ],
            "supported_network_types": [
              "IPV4"
            ],
            "tags": {
              "Name": "NextcloudDBSubnetGroup"
            },
            "tags_all": {
              "Name": "NextcloudDBSubnetGroup"
            },
            "vpc_id": "vpc-0c170787fb755850d"
          },
          "sensitive_attributes": [],
          "private": "bnVsbA==",
          "dependencies": [
            "aws_subnet.private",
            "aws_vpc.nextcloud_vpc",
            "data.aws_availability_zones.available",
            "random_string.suffix"
          ]
        }
      ]
    },
    {
      "mode": "managed",
      "type": "aws_instance",
      "name": "nextcloud",
      "provider": "provider[\"registry.terraform.io/hashicorp/aws\"]",
      "instances": [
        {
          "schema_version": 1,
          "attributes": {
            "ami": "ami-0caef02b518350c8b",
            "arn": "arn:aws:ec2:eu-central-1:058264482172:instance/i-0481bb152c14608be",
            "associate_public_ip_address": true,
            "availability_zone": "eu-central-1a",
            "capacity_reservation_specification": [
              {
                "capacity_reservation_preference": "open",
                "capacity_reservation_target": []
              }
            ],
            "cpu_core_count": 1,
            "cpu_options": [
              {
                "amd_sev_snp": "",
                "core_count": 1,
                "threads_per_core": 1
              }
            ],
            "cpu_threads_per_core": 1,
            "credit_specification": [
              {
                "cpu_credits": "standard"
              }
            ],
            "disable_api_stop": false,
            "disable_api_termination": false,
            "ebs_block_device": [],
            "ebs_optimized": false,
            "enclave_options": [
              {
                "enabled": false
              }
            ],
            "ephemeral_block_device": [],
            "get_password_data": false,
            "hibernation": false,
            "host_id": "",
            "host_resource_group_arn": null,
            "iam_instance_profile": "",
            "id": "i-0481bb152c14608be",
            "instance_initiated_shutdown_behavior": "stop",
            "instance_lifecycle": "",
            "instance_market_options": [],
            "instance_state": "running",
            "instance_type": "t2.micro",
            "ipv6_address_count": 0,
            "ipv6_addresses": [],
            "key_name": "workshopkey",
            "launch_template": [],
            "maintenance_options": [
              {
                "auto_recovery": "default"
              }
            ],
            "metadata_options": [
              {
                "http_endpoint": "enabled",
                "http_protocol_ipv6": "disabled",
                "http_put_response_hop_limit": 1,
                "http_tokens": "optional",
                "instance_metadata_tags": "disabled"
              }
            ],
            "monitoring": false,
            "network_interface": [],
            "outpost_arn": "",
            "password_data": "",
            "placement_group": "",
            "placement_partition_number": 0,
            "primary_network_interface_id": "eni-09c8957011539b577",
            "private_dns": "ip-10-0-0-119.eu-central-1.compute.internal",
            "private_dns_name_options": [
              {
                "enable_resource_name_dns_a_record": false,
                "enable_resource_name_dns_aaaa_record": false,
                "hostname_type": "ip-name"
              }
            ],
            "private_ip": "10.0.0.119",
            "public_dns": "ec2-3-122-204-201.eu-central-1.compute.amazonaws.com",
            "public_ip": "3.122.204.201",
            "root_block_device": [
              {
                "delete_on_termination": true,
                "device_name": "/dev/sda1",
                "encrypted": false,
                "iops": 100,
                "kms_key_id": "",
                "tags": {},
                "tags_all": {},
                "throughput": 0,
                "volume_id": "vol-0a2d8d693b6f786c8",
                "volume_size": 8,
                "volume_type": "gp2"
              }
            ],
            "secondary_private_ips": [],
            "security_groups": [],
            "source_dest_check": true,
            "spot_instance_request_id": "",
            "subnet_id": "subnet-0e294009b3dc9449d",
            "tags": {
              "Name": "NextcloudServer-2am8t5n7"
            },
            "tags_all": {
              "Name": "NextcloudServer-2am8t5n7"
            },
            "tenancy": "default",
            "timeouts": null,
            "user_data": "0708eb5954b4736f3f509aac56dfcec0802b0c63",
            "user_data_base64": null,
            "user_data_replace_on_change": false,
            "volume_tags": null,
            "vpc_security_group_ids": [
              "sg-07d8e1dff22671ff3"
            ]
          },
          "sensitive_attributes": [],
          "private": "eyJlMmJmYjczMC1lY2FhLTExZTYtOGY4OC0zNDM2M2JjN2M0YzAiOnsiY3JlYXRlIjo2MDAwMDAwMDAwMDAsImRlbGV0ZSI6MTIwMDAwMDAwMDAwMCwicmVhZCI6OTAwMDAwMDAwMDAwLCJ1cGRhdGUiOjYwMDAwMDAwMDAwMH0sInNjaGVtYV92ZXJzaW9uIjoiMSJ9",
          "dependencies": [
            "aws_db_instance.nextcloud_db",
            "aws_db_subnet_group.nextcloud",
            "aws_security_group.nextcloud",
            "aws_security_group.nextcloud_db",
            "aws_security_group.nextcloud_lb",
            "aws_subnet.private",
            "aws_subnet.public",
            "aws_vpc.nextcloud_vpc",
            "data.aws_availability_zones.available",
            "random_string.suffix"
          ]
        }
      ]
    },
    {
      "mode": "managed",
      "type": "aws_internet_gateway",
      "name": "nextcloud_igw",
      "provider": "provider[\"registry.terraform.io/hashicorp/aws\"]",
      "instances": [
        {
          "schema_version": 0,
          "attributes": {
            "arn": "arn:aws:ec2:eu-central-1:058264482172:internet-gateway/igw-0c52e3724b105f50c",
            "id": "igw-0c52e3724b105f50c",
            "owner_id": "058264482172",
            "tags": {
              "Name": "nextcloud-igw-2am8t5n7"
            },
            "tags_all": {
              "Name": "nextcloud-igw-2am8t5n7"
            },
            "timeouts": null,
            "vpc_id": "vpc-0c170787fb755850d"
          },
          "sensitive_attributes": [],
          "private": "eyJlMmJmYjczMC1lY2FhLTExZTYtOGY4OC0zNDM2M2JjN2M0YzAiOnsiY3JlYXRlIjoxMjAwMDAwMDAwMDAwLCJkZWxldGUiOjEyMDAwMDAwMDAwMDAsInVwZGF0ZSI6MTIwMDAwMDAwMDAwMH19",
          "dependencies": [
            "aws_vpc.nextcloud_vpc",
            "random_string.suffix"
          ]
        }
      ]
    },
    {
      "mode": "managed",
      "type": "aws_lb",
      "name": "nextcloud",
      "provider": "provider[\"registry.terraform.io/hashicorp/aws\"]",
      "instances": [
        {
          "schema_version": 0,
          "attributes": {
            "access_logs": [
              {
                "bucket": "",
                "enabled": false,
                "prefix": ""
              }
            ],
            "arn": "arn:aws:elasticloadbalancing:eu-central-1:058264482172:loadbalancer/app/nextcloud-lb/eb2e6eaead1f7fd0",
            "arn_suffix": "app/nextcloud-lb/eb2e6eaead1f7fd0",
            "client_keep_alive": 3600,
            "connection_logs": [
              {
                "bucket": "",
                "enabled": false,
                "prefix": ""
              }
            ],
            "customer_owned_ipv4_pool": "",
            "desync_mitigation_mode": "defensive",
            "dns_name": "nextcloud-lb-1942654877.eu-central-1.elb.amazonaws.com",
            "dns_record_client_routing_policy": null,
            "drop_invalid_header_fields": false,
            "enable_cross_zone_load_balancing": true,
            "enable_deletion_protection": false,
            "enable_http2": true,
            "enable_tls_version_and_cipher_suite_headers": false,
            "enable_waf_fail_open": false,
            "enable_xff_client_port": false,
            "enforce_security_group_inbound_rules_on_private_link_traffic": "",
            "id": "arn:aws:elasticloadbalancing:eu-central-1:058264482172:loadbalancer/app/nextcloud-lb/eb2e6eaead1f7fd0",
            "idle_timeout": 60,
            "internal": false,
            "ip_address_type": "ipv4",
            "load_balancer_type": "application",
            "name": "nextcloud-lb",
            "name_prefix": "",
            "preserve_host_header": false,
            "security_groups": [
              "sg-0c6903ba3c4815951"
            ],
            "subnet_mapping": [
              {
                "allocation_id": "",
                "ipv6_address": "",
                "outpost_id": "",
                "private_ipv4_address": "",
                "subnet_id": "subnet-002de18d7a27607d4"
              },
              {
                "allocation_id": "",
                "ipv6_address": "",
                "outpost_id": "",
                "private_ipv4_address": "",
                "subnet_id": "subnet-0e294009b3dc9449d"
              }
            ],
            "subnets": [
              "subnet-002de18d7a27607d4",
              "subnet-0e294009b3dc9449d"
            ],
            "tags": {
              "Name": "NextcloudLoadBalancer"
            },
            "tags_all": {
              "Name": "NextcloudLoadBalancer"
            },
            "timeouts": null,
            "vpc_id": "vpc-0c170787fb755850d",
            "xff_header_processing_mode": "append",
            "zone_id": "Z215JYRZR1TBD5"
          },
          "sensitive_attributes": [],
          "private": "eyJlMmJmYjczMC1lY2FhLTExZTYtOGY4OC0zNDM2M2JjN2M0YzAiOnsiY3JlYXRlIjo2MDAwMDAwMDAwMDAsImRlbGV0ZSI6NjAwMDAwMDAwMDAwLCJ1cGRhdGUiOjYwMDAwMDAwMDAwMH19",
          "dependencies": [
            "aws_security_group.nextcloud_lb",
            "aws_subnet.public",
            "aws_vpc.nextcloud_vpc",
            "data.aws_availability_zones.available",
            "random_string.suffix"
          ]
        }
      ]
    },
    {
      "mode": "managed",
      "type": "aws_lb_listener",
      "name": "nextcloud_http",
      "provider": "provider[\"registry.terraform.io/hashicorp/aws\"]",
      "instances": [
        {
          "schema_version": 0,
          "attributes": {
            "alpn_policy": null,
            "arn": "arn:aws:elasticloadbalancing:eu-central-1:058264482172:listener/app/nextcloud-lb/eb2e6eaead1f7fd0/e843fad7bd2c63ac",
            "certificate_arn": null,
            "default_action": [
              {
                "authenticate_cognito": [],
                "authenticate_oidc": [],
                "fixed_response": [],
                "forward": [],
                "order": 1,
                "redirect": [
                  {
                    "host": "#{host}",
                    "path": "/#{path}",
                    "port": "443",
                    "protocol": "HTTPS",
                    "query": "#{query}",
                    "status_code": "HTTP_301"
                  }
                ],
                "target_group_arn": "",
                "type": "redirect"
              }
            ],
            "id": "arn:aws:elasticloadbalancing:eu-central-1:058264482172:listener/app/nextcloud-lb/eb2e6eaead1f7fd0/e843fad7bd2c63ac",
            "load_balancer_arn": "arn:aws:elasticloadbalancing:eu-central-1:058264482172:loadbalancer/app/nextcloud-lb/eb2e6eaead1f7fd0",
            "mutual_authentication": [],
            "port": 80,
            "protocol": "HTTP",
            "ssl_policy": "",
            "tags": null,
            "tags_all": {},
            "timeouts": null
          },
          "sensitive_attributes": [],
          "private": "eyJlMmJmYjczMC1lY2FhLTExZTYtOGY4OC0zNDM2M2JjN2M0YzAiOnsiY3JlYXRlIjozMDAwMDAwMDAwMDAsInVwZGF0ZSI6MzAwMDAwMDAwMDAwfX0=",
          "dependencies": [
            "aws_lb.nextcloud",
            "aws_security_group.nextcloud_lb",
            "aws_subnet.public",
            "aws_vpc.nextcloud_vpc",
            "data.aws_availability_zones.available",
            "random_string.suffix"
          ]
        }
      ]
    },
    {
      "mode": "managed",
      "type": "aws_lb_listener",
      "name": "nextcloud_https",
      "provider": "provider[\"registry.terraform.io/hashicorp/aws\"]",
      "instances": [
        {
          "schema_version": 0,
          "attributes": {
            "alpn_policy": null,
            "arn": "arn:aws:elasticloadbalancing:eu-central-1:058264482172:listener/app/nextcloud-lb/eb2e6eaead1f7fd0/0243d88b16910052",
            "certificate_arn": "arn:aws:acm:eu-central-1:058264482172:certificate/7f8e9f43-7f3f-40b8-879d-31862886dd53",
            "default_action": [
              {
                "authenticate_cognito": [],
                "authenticate_oidc": [],
                "fixed_response": [],
                "forward": [],
                "order": 1,
                "redirect": [],
                "target_group_arn": "arn:aws:elasticloadbalancing:eu-central-1:058264482172:targetgroup/nextcloud-tg/bae51a5aba1023ba",
                "type": "forward"
              }
            ],
            "id": "arn:aws:elasticloadbalancing:eu-central-1:058264482172:listener/app/nextcloud-lb/eb2e6eaead1f7fd0/0243d88b16910052",
            "load_balancer_arn": "arn:aws:elasticloadbalancing:eu-central-1:058264482172:loadbalancer/app/nextcloud-lb/eb2e6eaead1f7fd0",
            "mutual_authentication": [
              {
                "ignore_client_certificate_expiry": false,
                "mode": "off",
                "trust_store_arn": ""
              }
            ],
            "port": 443,
            "protocol": "HTTPS",
            "ssl_policy": "ELBSecurityPolicy-2016-08",
            "tags": null,
            "tags_all": {},
            "timeouts": null
          },
          "sensitive_attributes": [],
          "private": "eyJlMmJmYjczMC1lY2FhLTExZTYtOGY4OC0zNDM2M2JjN2M0YzAiOnsiY3JlYXRlIjozMDAwMDAwMDAwMDAsInVwZGF0ZSI6MzAwMDAwMDAwMDAwfX0=",
          "dependencies": [
            "aws_acm_certificate.nextcloud_cert",
            "aws_lb.nextcloud",
            "aws_lb_target_group.nextcloud",
            "aws_security_group.nextcloud_lb",
            "aws_subnet.public",
            "aws_vpc.nextcloud_vpc",
            "data.aws_availability_zones.available",
            "random_string.suffix"
          ]
        }
      ]
    },
    {
      "mode": "managed",
      "type": "aws_lb_target_group",
      "name": "nextcloud",
      "provider": "provider[\"registry.terraform.io/hashicorp/aws\"]",
      "instances": [
        {
          "schema_version": 0,
          "attributes": {
            "arn": "arn:aws:elasticloadbalancing:eu-central-1:058264482172:targetgroup/nextcloud-tg/bae51a5aba1023ba",
            "arn_suffix": "targetgroup/nextcloud-tg/bae51a5aba1023ba",
            "connection_termination": null,
            "deregistration_delay": "300",
            "health_check": [
              {
                "enabled": true,
                "healthy_threshold": 3,
                "interval": 30,
                "matcher": "200",
                "path": "/",
                "port": "traffic-port",
                "protocol": "HTTP",
                "timeout": 5,
                "unhealthy_threshold": 3
              }
            ],
            "id": "arn:aws:elasticloadbalancing:eu-central-1:058264482172:targetgroup/nextcloud-tg/bae51a5aba1023ba",
            "ip_address_type": "ipv4",
            "lambda_multi_value_headers_enabled": false,
            "load_balancer_arns": [],
            "load_balancing_algorithm_type": "round_robin",
            "load_balancing_anomaly_mitigation": "off",
            "load_balancing_cross_zone_enabled": "use_load_balancer_configuration",
            "name": "nextcloud-tg",
            "name_prefix": "",
            "port": 80,
            "preserve_client_ip": null,
            "protocol": "HTTP",
            "protocol_version": "HTTP1",
            "proxy_protocol_v2": false,
            "slow_start": 0,
            "stickiness": [
              {
                "cookie_duration": 86400,
                "cookie_name": "",
                "enabled": false,
                "type": "lb_cookie"
              }
            ],
            "tags": null,
            "tags_all": {},
            "target_failover": [
              {
                "on_deregistration": null,
                "on_unhealthy": null
              }
            ],
            "target_group_health": [
              {
                "dns_failover": [
                  {
                    "minimum_healthy_targets_count": "1",
                    "minimum_healthy_targets_percentage": "off"
                  }
                ],
                "unhealthy_state_routing": [
                  {
                    "minimum_healthy_targets_count": 1,
                    "minimum_healthy_targets_percentage": "off"
                  }
                ]
              }
            ],
            "target_health_state": [
              {
                "enable_unhealthy_connection_termination": null,
                "unhealthy_draining_interval": null
              }
            ],
            "target_type": "instance",
            "vpc_id": "vpc-0c170787fb755850d"
          },
          "sensitive_attributes": [],
          "private": "bnVsbA==",
          "dependencies": [
            "aws_vpc.nextcloud_vpc",
            "random_string.suffix"
          ]
        }
      ]
    },
    {
      "mode": "managed",
      "type": "aws_lb_target_group_attachment",
      "name": "nextcloud",
      "provider": "provider[\"registry.terraform.io/hashicorp/aws\"]",
      "instances": [
        {
          "schema_version": 0,
          "attributes": {
            "availability_zone": null,
            "id": "arn:aws:elasticloadbalancing:eu-central-1:058264482172:targetgroup/nextcloud-tg/bae51a5aba1023ba-20240815121825683800000004",
            "port": 80,
            "target_group_arn": "arn:aws:elasticloadbalancing:eu-central-1:058264482172:targetgroup/nextcloud-tg/bae51a5aba1023ba",
            "target_id": "i-0481bb152c14608be"
          },
          "sensitive_attributes": [],
          "private": "bnVsbA==",
          "dependencies": [
            "aws_db_instance.nextcloud_db",
            "aws_db_subnet_group.nextcloud",
            "aws_instance.nextcloud",
            "aws_lb_target_group.nextcloud",
            "aws_security_group.nextcloud",
            "aws_security_group.nextcloud_db",
            "aws_security_group.nextcloud_lb",
            "aws_subnet.private",
            "aws_subnet.public",
            "aws_vpc.nextcloud_vpc",
            "data.aws_availability_zones.available",
            "random_string.suffix"
          ]
        }
      ]
    },
    {
      "mode": "managed",
      "type": "aws_route53_record",
      "name": "cert_validation",
      "provider": "provider[\"registry.terraform.io/hashicorp/aws\"]",
      "instances": [
        {
          "index_key": "cloud.flumorstasis.hu",
          "schema_version": 2,
          "attributes": {
            "alias": [],
            "allow_overwrite": true,
            "cidr_routing_policy": [],
            "failover_routing_policy": [],
            "fqdn": "_6f6035b04492ea669dd8c1fa0f000fac.cloud.flumorstasis.hu",
            "geolocation_routing_policy": [],
            "geoproximity_routing_policy": [],
            "health_check_id": "",
            "id": "Z01272563FNPHPTD23FIT__6f6035b04492ea669dd8c1fa0f000fac.cloud.flumorstasis.hu._CNAME",
            "latency_routing_policy": [],
            "multivalue_answer_routing_policy": false,
            "name": "_6f6035b04492ea669dd8c1fa0f000fac.cloud.flumorstasis.hu",
            "records": [
              "_17833f908f927070b9c58d2d0df2acce.djqtsrsxkq.acm-validations.aws."
            ],
            "set_identifier": "",
            "ttl": 60,
            "type": "CNAME",
            "weighted_routing_policy": [],
            "zone_id": "Z01272563FNPHPTD23FIT"
          },
          "sensitive_attributes": [],
          "private": "eyJzY2hlbWFfdmVyc2lvbiI6IjIifQ==",
          "dependencies": [
            "aws_acm_certificate.nextcloud_cert"
          ]
        }
      ]
    },
    {
      "mode": "managed",
      "type": "aws_route53_record",
      "name": "nextcloud",
      "provider": "provider[\"registry.terraform.io/hashicorp/aws\"]",
      "instances": [
        {
          "schema_version": 2,
          "attributes": {
            "alias": [
              {
                "evaluate_target_health": true,
                "name": "nextcloud-lb-1942654877.eu-central-1.elb.amazonaws.com",
                "zone_id": "Z215JYRZR1TBD5"
              }
            ],
            "allow_overwrite": null,
            "cidr_routing_policy": [],
            "failover_routing_policy": [],
            "fqdn": "cloud.flumorstasis.hu",
            "geolocation_routing_policy": [],
            "geoproximity_routing_policy": [],
            "health_check_id": "",
            "id": "Z01272563FNPHPTD23FIT_cloud.flumorstasis.hu_A",
            "latency_routing_policy": [],
            "multivalue_answer_routing_policy": false,
            "name": "cloud.flumorstasis.hu",
            "records": null,
            "set_identifier": "",
            "ttl": 0,
            "type": "A",
            "weighted_routing_policy": [],
            "zone_id": "Z01272563FNPHPTD23FIT"
          },
          "sensitive_attributes": [],
          "private": "eyJzY2hlbWFfdmVyc2lvbiI6IjIifQ==",
          "dependencies": [
            "aws_lb.nextcloud",
            "aws_security_group.nextcloud_lb",
            "aws_subnet.public",
            "aws_vpc.nextcloud_vpc",
            "data.aws_availability_zones.available",
            "random_string.suffix"
          ]
        }
      ]
    },
    {
      "mode": "managed",
      "type": "aws_route_table",
      "name": "public",
      "provider": "provider[\"registry.terraform.io/hashicorp/aws\"]",
      "instances": [
        {
          "schema_version": 0,
          "attributes": {
            "arn": "arn:aws:ec2:eu-central-1:058264482172:route-table/rtb-0c914dcfad5591a01",
            "id": "rtb-0c914dcfad5591a01",
            "owner_id": "058264482172",
            "propagating_vgws": [],
            "route": [
              {
                "carrier_gateway_id": "",
                "cidr_block": "0.0.0.0/0",
                "core_network_arn": "",
                "destination_prefix_list_id": "",
                "egress_only_gateway_id": "",
                "gateway_id": "igw-0c52e3724b105f50c",
                "ipv6_cidr_block": "",
                "local_gateway_id": "",
                "nat_gateway_id": "",
                "network_interface_id": "",
                "transit_gateway_id": "",
                "vpc_endpoint_id": "",
                "vpc_peering_connection_id": ""
              }
            ],
            "tags": {
              "Name": "nextcloud-public-rt"
            },
            "tags_all": {
              "Name": "nextcloud-public-rt"
            },
            "timeouts": null,
            "vpc_id": "vpc-0c170787fb755850d"
          },
          "sensitive_attributes": [],
          "private": "eyJlMmJmYjczMC1lY2FhLTExZTYtOGY4OC0zNDM2M2JjN2M0YzAiOnsiY3JlYXRlIjozMDAwMDAwMDAwMDAsImRlbGV0ZSI6MzAwMDAwMDAwMDAwLCJ1cGRhdGUiOjEyMDAwMDAwMDAwMH19",
          "dependencies": [
            "aws_internet_gateway.nextcloud_igw",
            "aws_vpc.nextcloud_vpc",
            "random_string.suffix"
          ]
        }
      ]
    },
    {
      "mode": "managed",
      "type": "aws_route_table_association",
      "name": "public",
      "provider": "provider[\"registry.terraform.io/hashicorp/aws\"]",
      "instances": [
        {
          "index_key": 0,
          "schema_version": 0,
          "attributes": {
            "gateway_id": "",
            "id": "rtbassoc-01046e91557698151",
            "route_table_id": "rtb-0c914dcfad5591a01",
            "subnet_id": "subnet-0e294009b3dc9449d",
            "timeouts": null
          },
          "sensitive_attributes": [],
          "private": "eyJlMmJmYjczMC1lY2FhLTExZTYtOGY4OC0zNDM2M2JjN2M0YzAiOnsiY3JlYXRlIjozMDAwMDAwMDAwMDAsImRlbGV0ZSI6MzAwMDAwMDAwMDAwLCJ1cGRhdGUiOjEyMDAwMDAwMDAwMH19",
          "dependencies": [
            "aws_internet_gateway.nextcloud_igw",
            "aws_route_table.public",
            "aws_subnet.public",
            "aws_vpc.nextcloud_vpc",
            "data.aws_availability_zones.available",
            "random_string.suffix"
          ]
        },
        {
          "index_key": 1,
          "schema_version": 0,
          "attributes": {
            "gateway_id": "",
            "id": "rtbassoc-03b2c33fce0679843",
            "route_table_id": "rtb-0c914dcfad5591a01",
            "subnet_id": "subnet-002de18d7a27607d4",
            "timeouts": null
          },
          "sensitive_attributes": [],
          "private": "eyJlMmJmYjczMC1lY2FhLTExZTYtOGY4OC0zNDM2M2JjN2M0YzAiOnsiY3JlYXRlIjozMDAwMDAwMDAwMDAsImRlbGV0ZSI6MzAwMDAwMDAwMDAwLCJ1cGRhdGUiOjEyMDAwMDAwMDAwMH19",
          "dependencies": [
            "aws_internet_gateway.nextcloud_igw",
            "aws_route_table.public",
            "aws_subnet.public",
            "aws_vpc.nextcloud_vpc",
            "data.aws_availability_zones.available",
            "random_string.suffix"
          ]
        }
      ]
    },
    {
      "mode": "managed",
      "type": "aws_security_group",
      "name": "nextcloud",
      "provider": "provider[\"registry.terraform.io/hashicorp/aws\"]",
      "instances": [
        {
          "schema_version": 1,
          "attributes": {
            "arn": "arn:aws:ec2:eu-central-1:058264482172:security-group/sg-07d8e1dff22671ff3",
            "description": "Security group for Nextcloud server",
            "egress": [
              {
                "cidr_blocks": [
                  "0.0.0.0/0"
                ],
                "description": "",
                "from_port": 0,
                "ipv6_cidr_blocks": [],
                "prefix_list_ids": [],
                "protocol": "-1",
                "security_groups": [],
                "self": false,
                "to_port": 0
              }
            ],
            "id": "sg-07d8e1dff22671ff3",
            "ingress": [
              {
                "cidr_blocks": [
                  "0.0.0.0/0"
                ],
                "description": "",
                "from_port": 22,
                "ipv6_cidr_blocks": [],
                "prefix_list_ids": [],
                "protocol": "tcp",
                "security_groups": [],
                "self": false,
                "to_port": 22
              },
              {
                "cidr_blocks": [],
                "description": "",
                "from_port": 443,
                "ipv6_cidr_blocks": [],
                "prefix_list_ids": [],
                "protocol": "tcp",
                "security_groups": [
                  "sg-0c6903ba3c4815951"
                ],
                "self": false,
                "to_port": 443
              },
              {
                "cidr_blocks": [],
                "description": "",
                "from_port": 80,
                "ipv6_cidr_blocks": [],
                "prefix_list_ids": [],
                "protocol": "tcp",
                "security_groups": [
                  "sg-0c6903ba3c4815951"
                ],
                "self": false,
                "to_port": 80
              }
            ],
            "name": "nextcloud_sg_2am8t5n7",
            "name_prefix": "",
            "owner_id": "058264482172",
            "revoke_rules_on_delete": false,
            "tags": null,
            "tags_all": {},
            "timeouts": null,
            "vpc_id": "vpc-0c170787fb755850d"
          },
          "sensitive_attributes": [],
          "private": "eyJlMmJmYjczMC1lY2FhLTExZTYtOGY4OC0zNDM2M2JjN2M0YzAiOnsiY3JlYXRlIjo2MDAwMDAwMDAwMDAsImRlbGV0ZSI6OTAwMDAwMDAwMDAwfSwic2NoZW1hX3ZlcnNpb24iOiIxIn0=",
          "dependencies": [
            "aws_security_group.nextcloud_lb",
            "aws_vpc.nextcloud_vpc",
            "random_string.suffix"
          ]
        }
      ]
    },
    {
      "mode": "managed",
      "type": "aws_security_group",
      "name": "nextcloud_db",
      "provider": "provider[\"registry.terraform.io/hashicorp/aws\"]",
      "instances": [
        {
          "schema_version": 1,
          "attributes": {
            "arn": "arn:aws:ec2:eu-central-1:058264482172:security-group/sg-020137535bed1cecb",
            "description": "Security group for Nextcloud database",
            "egress": [
              {
                "cidr_blocks": [
                  "0.0.0.0/0"
                ],
                "description": "",
                "from_port": 0,
                "ipv6_cidr_blocks": [],
                "prefix_list_ids": [],
                "protocol": "-1",
                "security_groups": [],
                "self": false,
                "to_port": 0
              }
            ],
            "id": "sg-020137535bed1cecb",
            "ingress": [
              {
                "cidr_blocks": [],
                "description": "",
                "from_port": 3306,
                "ipv6_cidr_blocks": [],
                "prefix_list_ids": [],
                "protocol": "tcp",
                "security_groups": [
                  "sg-07d8e1dff22671ff3"
                ],
                "self": false,
                "to_port": 3306
              }
            ],
            "name": "nextcloud_db_sg_2am8t5n7",
            "name_prefix": "",
            "owner_id": "058264482172",
            "revoke_rules_on_delete": false,
            "tags": null,
            "tags_all": {},
            "timeouts": null,
            "vpc_id": "vpc-0c170787fb755850d"
          },
          "sensitive_attributes": [],
          "private": "eyJlMmJmYjczMC1lY2FhLTExZTYtOGY4OC0zNDM2M2JjN2M0YzAiOnsiY3JlYXRlIjo2MDAwMDAwMDAwMDAsImRlbGV0ZSI6OTAwMDAwMDAwMDAwfSwic2NoZW1hX3ZlcnNpb24iOiIxIn0=",
          "dependencies": [
            "aws_security_group.nextcloud",
            "aws_security_group.nextcloud_lb",
            "aws_vpc.nextcloud_vpc",
            "random_string.suffix"
          ]
        }
      ]
    },
    {
      "mode": "managed",
      "type": "aws_security_group",
      "name": "nextcloud_lb",
      "provider": "provider[\"registry.terraform.io/hashicorp/aws\"]",
      "instances": [
        {
          "schema_version": 1,
          "attributes": {
            "arn": "arn:aws:ec2:eu-central-1:058264482172:security-group/sg-0c6903ba3c4815951",
            "description": "Security group for Nextcloud load balancer",
            "egress": [
              {
                "cidr_blocks": [
                  "0.0.0.0/0"
                ],
                "description": "",
                "from_port": 0,
                "ipv6_cidr_blocks": [],
                "prefix_list_ids": [],
                "protocol": "-1",
                "security_groups": [],
                "self": false,
                "to_port": 0
              }
            ],
            "id": "sg-0c6903ba3c4815951",
            "ingress": [
              {
                "cidr_blocks": [
                  "0.0.0.0/0"
                ],
                "description": "",
                "from_port": 443,
                "ipv6_cidr_blocks": [],
                "prefix_list_ids": [],
                "protocol": "tcp",
                "security_groups": [],
                "self": false,
                "to_port": 443
              },
              {
                "cidr_blocks": [
                  "0.0.0.0/0"
                ],
                "description": "",
                "from_port": 80,
                "ipv6_cidr_blocks": [],
                "prefix_list_ids": [],
                "protocol": "tcp",
                "security_groups": [],
                "self": false,
                "to_port": 80
              }
            ],
            "name": "nextcloud-lb-sg",
            "name_prefix": "",
            "owner_id": "058264482172",
            "revoke_rules_on_delete": false,
            "tags": null,
            "tags_all": {},
            "timeouts": null,
            "vpc_id": "vpc-0c170787fb755850d"
          },
          "sensitive_attributes": [],
          "private": "eyJlMmJmYjczMC1lY2FhLTExZTYtOGY4OC0zNDM2M2JjN2M0YzAiOnsiY3JlYXRlIjo2MDAwMDAwMDAwMDAsImRlbGV0ZSI6OTAwMDAwMDAwMDAwfSwic2NoZW1hX3ZlcnNpb24iOiIxIn0=",
          "dependencies": [
            "aws_vpc.nextcloud_vpc",
            "random_string.suffix"
          ]
        }
      ]
    },
    {
      "mode": "managed",
      "type": "aws_subnet",
      "name": "private",
      "provider": "provider[\"registry.terraform.io/hashicorp/aws\"]",
      "instances": [
        {
          "index_key": 0,
          "schema_version": 1,
          "attributes": {
            "arn": "arn:aws:ec2:eu-central-1:058264482172:subnet/subnet-047f6bcb1ea2af870",
            "assign_ipv6_address_on_creation": false,
            "availability_zone": "eu-central-1a",
            "availability_zone_id": "euc1-az2",
            "cidr_block": "10.0.2.0/24",
            "customer_owned_ipv4_pool": "",
            "enable_dns64": false,
            "enable_lni_at_device_index": 0,
            "enable_resource_name_dns_a_record_on_launch": false,
            "enable_resource_name_dns_aaaa_record_on_launch": false,
            "id": "subnet-047f6bcb1ea2af870",
            "ipv6_cidr_block": "",
            "ipv6_cidr_block_association_id": "",
            "ipv6_native": false,
            "map_customer_owned_ip_on_launch": false,
            "map_public_ip_on_launch": false,
            "outpost_arn": "",
            "owner_id": "058264482172",
            "private_dns_hostname_type_on_launch": "ip-name",
            "tags": {
              "Name": "nextcloud-private-subnet-1"
            },
            "tags_all": {
              "Name": "nextcloud-private-subnet-1"
            },
            "timeouts": null,
            "vpc_id": "vpc-0c170787fb755850d"
          },
          "sensitive_attributes": [],
          "private": "eyJlMmJmYjczMC1lY2FhLTExZTYtOGY4OC0zNDM2M2JjN2M0YzAiOnsiY3JlYXRlIjo2MDAwMDAwMDAwMDAsImRlbGV0ZSI6MTIwMDAwMDAwMDAwMH0sInNjaGVtYV92ZXJzaW9uIjoiMSJ9",
          "dependencies": [
            "aws_vpc.nextcloud_vpc",
            "data.aws_availability_zones.available",
            "random_string.suffix"
          ]
        },
        {
          "index_key": 1,
          "schema_version": 1,
          "attributes": {
            "arn": "arn:aws:ec2:eu-central-1:058264482172:subnet/subnet-0d6a29015543bf01d",
            "assign_ipv6_address_on_creation": false,
            "availability_zone": "eu-central-1b",
            "availability_zone_id": "euc1-az3",
            "cidr_block": "10.0.3.0/24",
            "customer_owned_ipv4_pool": "",
            "enable_dns64": false,
            "enable_lni_at_device_index": 0,
            "enable_resource_name_dns_a_record_on_launch": false,
            "enable_resource_name_dns_aaaa_record_on_launch": false,
            "id": "subnet-0d6a29015543bf01d",
            "ipv6_cidr_block": "",
            "ipv6_cidr_block_association_id": "",
            "ipv6_native": false,
            "map_customer_owned_ip_on_launch": false,
            "map_public_ip_on_launch": false,
            "outpost_arn": "",
            "owner_id": "058264482172",
            "private_dns_hostname_type_on_launch": "ip-name",
            "tags": {
              "Name": "nextcloud-private-subnet-2"
            },
            "tags_all": {
              "Name": "nextcloud-private-subnet-2"
            },
            "timeouts": null,
            "vpc_id": "vpc-0c170787fb755850d"
          },
          "sensitive_attributes": [],
          "private": "eyJlMmJmYjczMC1lY2FhLTExZTYtOGY4OC0zNDM2M2JjN2M0YzAiOnsiY3JlYXRlIjo2MDAwMDAwMDAwMDAsImRlbGV0ZSI6MTIwMDAwMDAwMDAwMH0sInNjaGVtYV92ZXJzaW9uIjoiMSJ9",
          "dependencies": [
            "aws_vpc.nextcloud_vpc",
            "data.aws_availability_zones.available",
            "random_string.suffix"
          ]
        }
      ]
    },
    {
      "mode": "managed",
      "type": "aws_subnet",
      "name": "public",
      "provider": "provider[\"registry.terraform.io/hashicorp/aws\"]",
      "instances": [
        {
          "index_key": 0,
          "schema_version": 1,
          "attributes": {
            "arn": "arn:aws:ec2:eu-central-1:058264482172:subnet/subnet-0e294009b3dc9449d",
            "assign_ipv6_address_on_creation": false,
            "availability_zone": "eu-central-1a",
            "availability_zone_id": "euc1-az2",
            "cidr_block": "10.0.0.0/24",
            "customer_owned_ipv4_pool": "",
            "enable_dns64": false,
            "enable_lni_at_device_index": 0,
            "enable_resource_name_dns_a_record_on_launch": false,
            "enable_resource_name_dns_aaaa_record_on_launch": false,
            "id": "subnet-0e294009b3dc9449d",
            "ipv6_cidr_block": "",
            "ipv6_cidr_block_association_id": "",
            "ipv6_native": false,
            "map_customer_owned_ip_on_launch": false,
            "map_public_ip_on_launch": true,
            "outpost_arn": "",
            "owner_id": "058264482172",
            "private_dns_hostname_type_on_launch": "ip-name",
            "tags": {
              "Name": "nextcloud-public-subnet-1"
            },
            "tags_all": {
              "Name": "nextcloud-public-subnet-1"
            },
            "timeouts": null,
            "vpc_id": "vpc-0c170787fb755850d"
          },
          "sensitive_attributes": [],
          "private": "eyJlMmJmYjczMC1lY2FhLTExZTYtOGY4OC0zNDM2M2JjN2M0YzAiOnsiY3JlYXRlIjo2MDAwMDAwMDAwMDAsImRlbGV0ZSI6MTIwMDAwMDAwMDAwMH0sInNjaGVtYV92ZXJzaW9uIjoiMSJ9",
          "dependencies": [
            "aws_vpc.nextcloud_vpc",
            "data.aws_availability_zones.available",
            "random_string.suffix"
          ]
        },
        {
          "index_key": 1,
          "schema_version": 1,
          "attributes": {
            "arn": "arn:aws:ec2:eu-central-1:058264482172:subnet/subnet-002de18d7a27607d4",
            "assign_ipv6_address_on_creation": false,
            "availability_zone": "eu-central-1b",
            "availability_zone_id": "euc1-az3",
            "cidr_block": "10.0.1.0/24",
            "customer_owned_ipv4_pool": "",
            "enable_dns64": false,
            "enable_lni_at_device_index": 0,
            "enable_resource_name_dns_a_record_on_launch": false,
            "enable_resource_name_dns_aaaa_record_on_launch": false,
            "id": "subnet-002de18d7a27607d4",
            "ipv6_cidr_block": "",
            "ipv6_cidr_block_association_id": "",
            "ipv6_native": false,
            "map_customer_owned_ip_on_launch": false,
            "map_public_ip_on_launch": true,
            "outpost_arn": "",
            "owner_id": "058264482172",
            "private_dns_hostname_type_on_launch": "ip-name",
            "tags": {
              "Name": "nextcloud-public-subnet-2"
            },
            "tags_all": {
              "Name": "nextcloud-public-subnet-2"
            },
            "timeouts": null,
            "vpc_id": "vpc-0c170787fb755850d"
          },
          "sensitive_attributes": [],
          "private": "eyJlMmJmYjczMC1lY2FhLTExZTYtOGY4OC0zNDM2M2JjN2M0YzAiOnsiY3JlYXRlIjo2MDAwMDAwMDAwMDAsImRlbGV0ZSI6MTIwMDAwMDAwMDAwMH0sInNjaGVtYV92ZXJzaW9uIjoiMSJ9",
          "dependencies": [
            "aws_vpc.nextcloud_vpc",
            "data.aws_availability_zones.available",
            "random_string.suffix"
          ]
        }
      ]
    },
    {
      "mode": "managed",
      "type": "aws_vpc",
      "name": "nextcloud_vpc",
      "provider": "provider[\"registry.terraform.io/hashicorp/aws\"]",
      "instances": [
        {
          "schema_version": 1,
          "attributes": {
            "arn": "arn:aws:ec2:eu-central-1:058264482172:vpc/vpc-0c170787fb755850d",
            "assign_generated_ipv6_cidr_block": false,
            "cidr_block": "10.0.0.0/16",
            "default_network_acl_id": "acl-0cdf0b2a9a28e2ca0",
            "default_route_table_id": "rtb-02a1fc682914c1d11",
            "default_security_group_id": "sg-076691fa1184d2580",
            "dhcp_options_id": "dopt-037604730182aa2b6",
            "enable_dns_hostnames": true,
            "enable_dns_support": true,
            "enable_network_address_usage_metrics": false,
            "id": "vpc-0c170787fb755850d",
            "instance_tenancy": "default",
            "ipv4_ipam_pool_id": null,
            "ipv4_netmask_length": null,
            "ipv6_association_id": "",
            "ipv6_cidr_block": "",
            "ipv6_cidr_block_network_border_group": "",
            "ipv6_ipam_pool_id": "",
            "ipv6_netmask_length": 0,
            "main_route_table_id": "rtb-02a1fc682914c1d11",
            "owner_id": "058264482172",
            "tags": {
              "Name": "nextcloud-vpc-2am8t5n7"
            },
            "tags_all": {
              "Name": "nextcloud-vpc-2am8t5n7"
            }
          },
          "sensitive_attributes": [],
          "private": "eyJzY2hlbWFfdmVyc2lvbiI6IjEifQ==",
          "dependencies": [
            "random_string.suffix"
          ]
        }
      ]
    },
    {
      "mode": "managed",
      "type": "random_string",
      "name": "suffix",
      "provider": "provider[\"registry.terraform.io/hashicorp/random\"]",
      "instances": [
        {
          "schema_version": 2,
          "attributes": {
            "id": "2am8t5n7",
            "keepers": null,
            "length": 8,
            "lower": true,
            "min_lower": 0,
            "min_numeric": 0,
            "min_special": 0,
            "min_upper": 0,
            "number": true,
            "numeric": true,
            "override_special": null,
            "result": "2am8t5n7",
            "special": false,
            "upper": false
          },
          "sensitive_attributes": []
        }
      ]
    }
  ],
  "check_results": null
}
